
Microsoft Visual Studio Solution File, Format Version 12.00
# Visual Studio Version 17
VisualStudioVersion = 17.11.35219.272
MinimumVisualStudioVersion = 10.0.40219.1
Project("{FAE04EC0-301F-11D3-BF4B-00C04F79EFBC}") = "AAB to APKS Converter by Lumpen", "AAB to APKS Converter by Lumpen\AAB to APKS Converter by Lumpen.csproj", "{954A208A-EE1B-4BD9-B5A5-EA3F0EABA240}"
EndProject
Global
	GlobalSection(SolutionConfigurationPlatforms) = preSolution
		Debug|Any CPU = Debug|Any CPU
		Release|Any CPU = Release|Any CPU
	EndGlobalSection
	GlobalSection(ProjectConfigurationPlatforms) = postSolution
		{954A208A-EE1B-4BD9-B5A5-EA3F0EABA240}.Debug|Any CPU.ActiveCfg = Debug|Any CPU
		{954A208A-EE1B-4BD9-B5A5-EA3F0EABA240}.Debug|Any CPU.Build.0 = Debug|Any CPU
		{954A208A-EE1B-4BD9-B5A5-EA3F0EABA240}.Release|Any CPU.ActiveCfg = Release|Any CPU
		{954A208A-EE1B-4BD9-B5A5-EA3F0EABA240}.Release|Any CPU.Build.0 = Release|Any CPU
	EndGlobalSection
	GlobalSection(SolutionProperties) = preSolution
		HideSolutionNode = FALSE
	EndGlobalSection
	GlobalSection(ExtensibilityGlobals) = postSolution
		SolutionGuid = {D8B8E881-E92A-428B-8003-CF410DA48F51}
	EndGlobalSection
EndGlobal
